
Microsoft Visual Studio Solution File, Format Version 12.00
# Visual Studio Version 16
VisualStudioVersion = 16.0.30406.217
MinimumVisualStudioVersion = 10.0.40219.1
Project("{FAE04EC0-301F-11D3-BF4B-00C04F79EFBC}") = "Roulette", "Roulette.csproj", "{CABD28E3-8E09-48BA-9DD7-38CE1107A274}"
EndProject
Global
	GlobalSection(SolutionConfigurationPlatforms) = preSolution
		Debug|Any CPU = Debug|Any CPU
		Release|Any CPU = Release|Any CPU
	EndGlobalSection
	GlobalSection(ProjectConfigurationPlatforms) = postSolution
		{CABD28E3-8E09-48BA-9DD7-38CE1107A274}.Debug|Any CPU.ActiveCfg = Debug|Any CPU
		{CABD28E3-8E09-48BA-9DD7-38CE1107A274}.Debug|Any CPU.Build.0 = Debug|Any CPU
		{CABD28E3-8E09-48BA-9DD7-38CE1107A274}.Release|Any CPU.ActiveCfg = Release|Any CPU
		{CABD28E3-8E09-48BA-9DD7-38CE1107A274}.Release|Any CPU.Build.0 = Release|Any CPU
	EndGlobalSection
	GlobalSection(SolutionProperties) = preSolution
		HideSolutionNode = FALSE
	EndGlobalSection
	GlobalSection(ExtensibilityGlobals) = postSolution
		SolutionGuid = {4481406E-F39A-439F-BBC2-7733C8FE5EA6}
	EndGlobalSection
EndGlobal
